github.com/DavidGamba/dgtools/buildutils v0.2.0 h1:YrINv+hsXQFhdfdYFdDVheBLbz3D7OQtNFuH+eKNyo0=
github.com/DavidGamba/dgtools/buildutils v0.2.0/go.mod h1:gEikilH0xsJVMydPErNv4mlUPhJGFT5k6v5Ss+Fn+d4=
github.com/DavidGamba/dgtools/fsmodtime v0.1.0 h1:aoKDoKesWyDL06dDtRaTNOZqcUPRgQxLpj3zigSGjiY=
github.com/DavidGamba/dgtools/fsmodtime v0.1.0/go.mod h1:ruwqMvW2pWDbSQlAupP7F0QaojfbuXPyUOUKR4Ev3pQ=
github.com/DavidGamba/dgtools/run v0.7.0 h1:ENTskNQvBM1/n/b42PxqJktU9EzQVqPZRGUBtVdEVdE=
github.com/DavidGamba/dgtools/run v0.7.0/go.mod h1:3P1fMJupTWqsiE8IXsXrk2HtgkZBTCFRLbaTjRlmDe0=
github.com/DavidGamba/go-getoptions v0.27.0 h1:hldKJSwO9SwvR+z9pe6ojhEcYECrRiO/bar9B7MnBKA=
github.com/DavidGamba/go-getoptions v0.27.0/go.mod h1:qLaLSYeQ8sUVOfKuu5JT5qKKS3OCwyhkYSJnoG+ggmo=
